
Microsoft Visual Studio Solution File, Format Version 12.00
# Visual Studio Version 17
VisualStudioVersion = 17.7.34031.279
MinimumVisualStudioVersion = 10.0.40219.1
Project("{FAE04EC0-301F-11D3-BF4B-00C04F79EFBC}") = "EngineSimulation", "EngineSimulation\EngineSimulation.csproj", "{14238750-4309-48D7-A350-03D179D645CE}"
EndProject
Global
	GlobalSection(SolutionConfigurationPlatforms) = preSolution
		Debug|Any CPU = Debug|Any CPU
		Release|Any CPU = Release|Any CPU
	EndGlobalSection
	GlobalSection(ProjectConfigurationPlatforms) = postSolution
		{14238750-4309-48D7-A350-03D179D645CE}.Debug|Any CPU.ActiveCfg = Debug|Any CPU
		{14238750-4309-48D7-A350-03D179D645CE}.Debug|Any CPU.Build.0 = Debug|Any CPU
		{14238750-4309-48D7-A350-03D179D645CE}.Release|Any CPU.ActiveCfg = Release|Any CPU
		{14238750-4309-48D7-A350-03D179D645CE}.Release|Any CPU.Build.0 = Release|Any CPU
	EndGlobalSection
	GlobalSection(SolutionProperties) = preSolution
		HideSolutionNode = FALSE
	EndGlobalSection
	GlobalSection(ExtensibilityGlobals) = postSolution
		SolutionGuid = {D1AB5456-E63A-4E02-8382-209340E7F722}
	EndGlobalSection
EndGlobal
